
Microsoft Visual Studio Solution File, Format Version 12.00
# Visual Studio 15
VisualStudioVersion = 15.0.27130.2026
MinimumVisualStudioVersion = 10.0.40219.1
Project("{FAE04EC0-301F-11D3-BF4B-00C04F79EFBC}") = "GoogleCloudTranslationApi", "GoogleCloudTranslationApi\GoogleCloudTranslationApi.csproj", "{67D149C4-18D5-4549-AC07-D1FC7FD2C277}"
EndProject
Global
	GlobalSection(SolutionConfigurationPlatforms) = preSolution
		Debug|Any CPU = Debug|Any CPU
		Release|Any CPU = Release|Any CPU
	EndGlobalSection
	GlobalSection(ProjectConfigurationPlatforms) = postSolution
		{67D149C4-18D5-4549-AC07-D1FC7FD2C277}.Debug|Any CPU.ActiveCfg = Debug|Any CPU
		{67D149C4-18D5-4549-AC07-D1FC7FD2C277}.Debug|Any CPU.Build.0 = Debug|Any CPU
		{67D149C4-18D5-4549-AC07-D1FC7FD2C277}.Release|Any CPU.ActiveCfg = Release|Any CPU
		{67D149C4-18D5-4549-AC07-D1FC7FD2C277}.Release|Any CPU.Build.0 = Release|Any CPU
	EndGlobalSection
	GlobalSection(SolutionProperties) = preSolution
		HideSolutionNode = FALSE
	EndGlobalSection
	GlobalSection(ExtensibilityGlobals) = postSolution
		SolutionGuid = {EBC60B2E-B040-41D2-B905-35F1686F3C84}
	EndGlobalSection
EndGlobal
